
Microsoft Visual Studio Solution File, Format Version 12.00
# Visual Studio Version 16
VisualStudioVersion = 16.0.29215.179
MinimumVisualStudioVersion = 10.0.40219.1
Project("{FAE04EC0-301F-11D3-BF4B-00C04F79EFBC}") = "ConsoleApp2", "ConsoleApp2\ConsoleApp2.csproj", "{A2F19524-BCB3-4C16-8ABA-B8BD2E79C35C}"
EndProject
Global
	GlobalSection(SolutionConfigurationPlatforms) = preSolution
		Debug|Any CPU = Debug|Any CPU
		Release|Any CPU = Release|Any CPU
	EndGlobalSection
	GlobalSection(ProjectConfigurationPlatforms) = postSolution
		{A2F19524-BCB3-4C16-8ABA-B8BD2E79C35C}.Debug|Any CPU.ActiveCfg = Debug|Any CPU
		{A2F19524-BCB3-4C16-8ABA-B8BD2E79C35C}.Debug|Any CPU.Build.0 = Debug|Any CPU
		{A2F19524-BCB3-4C16-8ABA-B8BD2E79C35C}.Release|Any CPU.ActiveCfg = Release|Any CPU
		{A2F19524-BCB3-4C16-8ABA-B8BD2E79C35C}.Release|Any CPU.Build.0 = Release|Any CPU
	EndGlobalSection
	GlobalSection(SolutionProperties) = preSolution
		HideSolutionNode = FALSE
	EndGlobalSection
	GlobalSection(ExtensibilityGlobals) = postSolution
		SolutionGuid = {9DFEF91A-EEC3-4D0E-92CB-4739BA08F184}
	EndGlobalSection
EndGlobal
